
Microsoft Visual Studio Solution File, Format Version 12.00
# Visual Studio 14
VisualStudioVersion = 14.0.25123.0
MinimumVisualStudioVersion = 10.0.40219.1
Project("{FAE04EC0-301F-11D3-BF4B-00C04F79EFBC}") = "GitHubStats", "GitHubStats\GitHubStats.csproj", "{114AC512-D03B-4777-B13B-48D73EADD8BE}"
EndProject
Project("{FAE04EC0-301F-11D3-BF4B-00C04F79EFBC}") = "GitHubStats.Console", "GitHubStats.Console\GitHubStats.Console.csproj", "{D3275EA2-007B-4590-BC65-E444A31A24F2}"
EndProject
Global
	GlobalSection(SolutionConfigurationPlatforms) = preSolution
		Debug|Any CPU = Debug|Any CPU
		Release|Any CPU = Release|Any CPU
	EndGlobalSection
	GlobalSection(ProjectConfigurationPlatforms) = postSolution
		{114AC512-D03B-4777-B13B-48D73EADD8BE}.Debug|Any CPU.ActiveCfg = Debug|Any CPU
		{114AC512-D03B-4777-B13B-48D73EADD8BE}.Debug|Any CPU.Build.0 = Debug|Any CPU
		{114AC512-D03B-4777-B13B-48D73EADD8BE}.Release|Any CPU.ActiveCfg = Release|Any CPU
		{114AC512-D03B-4777-B13B-48D73EADD8BE}.Release|Any CPU.Build.0 = Release|Any CPU
		{D3275EA2-007B-4590-BC65-E444A31A24F2}.Debug|Any CPU.ActiveCfg = Debug|Any CPU
		{D3275EA2-007B-4590-BC65-E444A31A24F2}.Debug|Any CPU.Build.0 = Debug|Any CPU
		{D3275EA2-007B-4590-BC65-E444A31A24F2}.Release|Any CPU.ActiveCfg = Release|Any CPU
		{D3275EA2-007B-4590-BC65-E444A31A24F2}.Release|Any CPU.Build.0 = Release|Any CPU
	EndGlobalSection
	GlobalSection(SolutionProperties) = preSolution
		HideSolutionNode = FALSE
	EndGlobalSection
EndGlobal
